
Microsoft Visual Studio Solution File, Format Version 12.00
# Visual Studio Version 16
VisualStudioVersion = 16.0.28803.352
MinimumVisualStudioVersion = 10.0.40219.1
Project("{FAE04EC0-301F-11D3-BF4B-00C04F79EFBC}") = "ASPtutorial", "ASPtutorial\ASPtutorial.csproj", "{A55D6AE3-6DB2-41B1-9135-35617214FE9F}"
EndProject
Global
	GlobalSection(SolutionConfigurationPlatforms) = preSolution
		Debug|Any CPU = Debug|Any CPU
		Release|Any CPU = Release|Any CPU
	EndGlobalSection
	GlobalSection(ProjectConfigurationPlatforms) = postSolution
		{A55D6AE3-6DB2-41B1-9135-35617214FE9F}.Debug|Any CPU.ActiveCfg = Debug|Any CPU
		{A55D6AE3-6DB2-41B1-9135-35617214FE9F}.Debug|Any CPU.Build.0 = Debug|Any CPU
		{A55D6AE3-6DB2-41B1-9135-35617214FE9F}.Release|Any CPU.ActiveCfg = Release|Any CPU
		{A55D6AE3-6DB2-41B1-9135-35617214FE9F}.Release|Any CPU.Build.0 = Release|Any CPU
	EndGlobalSection
	GlobalSection(SolutionProperties) = preSolution
		HideSolutionNode = FALSE
	EndGlobalSection
	GlobalSection(ExtensibilityGlobals) = postSolution
		SolutionGuid = {C7CE338B-34DD-4A6F-BB31-06FA8A32DD8A}
	EndGlobalSection
EndGlobal
